
Microsoft Visual Studio Solution File, Format Version 12.00
# Visual Studio 2013
VisualStudioVersion = 12.0.31101.0
MinimumVisualStudioVersion = 10.0.40219.1
Project("{FAE04EC0-301F-11D3-BF4B-00C04F79EFBC}") = "ScoreboardAPI", "ScoreboardAPI\ScoreboardAPI.csproj", "{D092BEA3-46E3-443D-94E5-1BE20D41C07D}"
EndProject
Project("{FAE04EC0-301F-11D3-BF4B-00C04F79EFBC}") = "ScoreboardAPI.Tests", "ScoreboardAPI.Tests\ScoreboardAPI.Tests.csproj", "{6D9F5B4A-333F-4160-B405-762863F048BF}"
EndProject
Global
	GlobalSection(SolutionConfigurationPlatforms) = preSolution
		Debug|Any CPU = Debug|Any CPU
		Release|Any CPU = Release|Any CPU
	EndGlobalSection
	GlobalSection(ProjectConfigurationPlatforms) = postSolution
		{D092BEA3-46E3-443D-94E5-1BE20D41C07D}.Debug|Any CPU.ActiveCfg = Debug|Any CPU
		{D092BEA3-46E3-443D-94E5-1BE20D41C07D}.Debug|Any CPU.Build.0 = Debug|Any CPU
		{D092BEA3-46E3-443D-94E5-1BE20D41C07D}.Release|Any CPU.ActiveCfg = Release|Any CPU
		{D092BEA3-46E3-443D-94E5-1BE20D41C07D}.Release|Any CPU.Build.0 = Release|Any CPU
		{6D9F5B4A-333F-4160-B405-762863F048BF}.Debug|Any CPU.ActiveCfg = Debug|Any CPU
		{6D9F5B4A-333F-4160-B405-762863F048BF}.Debug|Any CPU.Build.0 = Debug|Any CPU
		{6D9F5B4A-333F-4160-B405-762863F048BF}.Release|Any CPU.ActiveCfg = Release|Any CPU
		{6D9F5B4A-333F-4160-B405-762863F048BF}.Release|Any CPU.Build.0 = Release|Any CPU
	EndGlobalSection
	GlobalSection(SolutionProperties) = preSolution
		HideSolutionNode = FALSE
	EndGlobalSection
EndGlobal
